// !$*UTF8*$!
{
	archiveVersion = 1;
	classes = {
	};
	objectVersion = 46;
	objects = {

/* Begin PBXBuildFile section */
		D8570B8D1CF7E6EA005414BB /* Cube.cpp in Sources */ = {isa = PBXBuildFile; fileRef = D8570B6D1CF7E6EA005414BB /* Cube.cpp */; };
		D8570B8E1CF7E6EA005414BB /* Cylinder.cpp in Sources */ = {isa = PBXBuildFile; fileRef = D8570B6F1CF7E6EA005414BB /* Cylinder.cpp */; };
		D8570B8F1CF7E6EA005414BB /* Geode.cpp in Sources */ = {isa = PBXBuildFile; fileRef = D8570B771CF7E6EA005414BB /* Geode.cpp */; };
		D8570B901CF7E6EA005414BB /* Group.cpp in Sources */ = {isa = PBXBuildFile; fileRef = D8570B7B1CF7E6EA005414BB /* Group.cpp */; };
		D8570B911CF7E6EA005414BB /* main.cpp in Sources */ = {isa = PBXBuildFile; fileRef = D8570B7C1CF7E6EA005414BB /* main.cpp */; };
		D8570B921CF7E6EA005414BB /* MatrixTransform.cpp in Sources */ = {isa = PBXBuildFile; fileRef = D8570B7E1CF7E6EA005414BB /* MatrixTransform.cpp */; };
		D8570B931CF7E6EA005414BB /* OBJObject.cpp in Sources */ = {isa = PBXBuildFile; fileRef = D8570B801CF7E6EA005414BB /* OBJObject.cpp */; };
		D8570B941CF7E6EA005414BB /* Pod.cpp in Sources */ = {isa = PBXBuildFile; fileRef = D8570B821CF7E6EA005414BB /* Pod.cpp */; };
		D8570B951CF7E6EA005414BB /* shader.cpp in Sources */ = {isa = PBXBuildFile; fileRef = D8570B841CF7E6EA005414BB /* shader.cpp */; };
		D8570B961CF7E6EA005414BB /* texture.cpp in Sources */ = {isa = PBXBuildFile; fileRef = D8570B8A1CF7E6EA005414BB /* texture.cpp */; };
		D8570B971CF7E6EA005414BB /* Window.cpp in Sources */ = {isa = PBXBuildFile; fileRef = D8570B8B1CF7E6EA005414BB /* Window.cpp */; };
		D85B5F2E1CC2031500B02DAB /* OpenGL.framework in Frameworks */ = {isa = PBXBuildFile; fileRef = D85B5F2D1CC2031500B02DAB /* OpenGL.framework */; };
		D85B5F301CC2034100B02DAB /* libglfw.3.1.dylib in Frameworks */ = {isa = PBXBuildFile; fileRef = D85B5F2F1CC2034100B02DAB /* libglfw.3.1.dylib */; };
		D85B5F321CC203EF00B02DAB /* libGLEW.1.13.0.dylib in Frameworks */ = {isa = PBXBuildFile; fileRef = D85B5F311CC203EF00B02DAB /* libGLEW.1.13.0.dylib */; };
/* End PBXBuildFile section */

/* Begin PBXCopyFilesBuildPhase section */
		D85B5F0D1CC201C100B02DAB /* CopyFiles */ = {
			isa = PBXCopyFilesBuildPhase;
			buildActionMask = 2147483647;
			dstPath = /usr/share/man/man1/;
			dstSubfolderSpec = 0;
			files = (
			);
			runOnlyForDeploymentPostprocessing = 1;
		};
/* End PBXCopyFilesBuildPhase section */

/* Begin PBXFileReference section */
		D8570B6D1CF7E6EA005414BB /* Cube.cpp */ = {isa = PBXFileReference; fileEncoding = 4; lastKnownFileType = sourcecode.cpp.cpp; path = Cube.cpp; sourceTree = "<group>"; };
		D8570B6E1CF7E6EA005414BB /* Cube.h */ = {isa = PBXFileReference; fileEncoding = 4; lastKnownFileType = sourcecode.c.h; path = Cube.h; sourceTree = "<group>"; };
		D8570B6F1CF7E6EA005414BB /* Cylinder.cpp */ = {isa = PBXFileReference; fileEncoding = 4; lastKnownFileType = sourcecode.cpp.cpp; path = Cylinder.cpp; sourceTree = "<group>"; };
		D8570B771CF7E6EA005414BB /* Geode.cpp */ = {isa = PBXFileReference; fileEncoding = 4; lastKnownFileType = sourcecode.cpp.cpp; path = Geode.cpp; sourceTree = "<group>"; };
		D8570B781CF7E6EA005414BB /* Geode.h */ = {isa = PBXFileReference; fileEncoding = 4; lastKnownFileType = sourcecode.c.h; path = Geode.h; sourceTree = "<group>"; };
		D8570B791CF7E6EA005414BB /* GLFWStarterProject */ = {isa = PBXFileReference; lastKnownFileType = folder; path = GLFWStarterProject; sourceTree = "<group>"; };
		D8570B7A1CF7E6EA005414BB /* GLFWStarterProject.sln */ = {isa = PBXFileReference; fileEncoding = 4; lastKnownFileType = text; path = GLFWStarterProject.sln; sourceTree = "<group>"; };
		D8570B7B1CF7E6EA005414BB /* Group.cpp */ = {isa = PBXFileReference; fileEncoding = 4; lastKnownFileType = sourcecode.cpp.cpp; path = Group.cpp; sourceTree = "<group>"; };
		D8570B7C1CF7E6EA005414BB /* main.cpp */ = {isa = PBXFileReference; fileEncoding = 4; lastKnownFileType = sourcecode.cpp.cpp; path = main.cpp; sourceTree = "<group>"; };
		D8570B7D1CF7E6EA005414BB /* main.h */ = {isa = PBXFileReference; fileEncoding = 4; lastKnownFileType = sourcecode.c.h; path = main.h; sourceTree = "<group>"; };
		D8570B7E1CF7E6EA005414BB /* MatrixTransform.cpp */ = {isa = PBXFileReference; fileEncoding = 4; lastKnownFileType = sourcecode.cpp.cpp; path = MatrixTransform.cpp; sourceTree = "<group>"; };
		D8570B7F1CF7E6EA005414BB /* Node.h */ = {isa = PBXFileReference; fileEncoding = 4; lastKnownFileType = sourcecode.c.h; path = Node.h; sourceTree = "<group>"; };
		D8570B801CF7E6EA005414BB /* OBJObject.cpp */ = {isa = PBXFileReference; fileEncoding = 4; lastKnownFileType = sourcecode.cpp.cpp; path = OBJObject.cpp; sourceTree = "<group>"; };
		D8570B811CF7E6EA005414BB /* OBJObject.h */ = {isa = PBXFileReference; fileEncoding = 4; lastKnownFileType = sourcecode.c.h; path = OBJObject.h; sourceTree = "<group>"; };
		D8570B821CF7E6EA005414BB /* Pod.cpp */ = {isa = PBXFileReference; fileEncoding = 4; lastKnownFileType = sourcecode.cpp.cpp; path = Pod.cpp; sourceTree = "<group>"; };
		D8570B831CF7E6EA005414BB /* pod.obj */ = {isa = PBXFileReference; fileEncoding = 4; lastKnownFileType = text; path = pod.obj; sourceTree = "<group>"; };
		D8570B841CF7E6EA005414BB /* shader.cpp */ = {isa = PBXFileReference; fileEncoding = 4; lastKnownFileType = sourcecode.cpp.cpp; path = shader.cpp; sourceTree = "<group>"; };
		D8570B851CF7E6EA005414BB /* shader.frag */ = {isa = PBXFileReference; fileEncoding = 4; lastKnownFileType = sourcecode.glsl; path = shader.frag; sourceTree = "<group>"; };
		D8570B861CF7E6EA005414BB /* shader.h */ = {isa = PBXFileReference; fileEncoding = 4; lastKnownFileType = sourcecode.c.h; path = shader.h; sourceTree = "<group>"; };
		D8570B871CF7E6EA005414BB /* shader.vert */ = {isa = PBXFileReference; fileEncoding = 4; lastKnownFileType = sourcecode.glsl; path = shader.vert; sourceTree = "<group>"; };
		D8570B881CF7E6EA005414BB /* skyShader.frag */ = {isa = PBXFileReference; fileEncoding = 4; lastKnownFileType = sourcecode.glsl; path = skyShader.frag; sourceTree = "<group>"; };
		D8570B891CF7E6EA005414BB /* skyShader.vert */ = {isa = PBXFileReference; fileEncoding = 4; lastKnownFileType = sourcecode.glsl; path = skyShader.vert; sourceTree = "<group>"; };
		D8570B8A1CF7E6EA005414BB /* texture.cpp */ = {isa = PBXFileReference; fileEncoding = 4; lastKnownFileType = sourcecode.cpp.cpp; path = texture.cpp; sourceTree = "<group>"; };
		D8570B8B1CF7E6EA005414BB /* Window.cpp */ = {isa = PBXFileReference; fileEncoding = 4; lastKnownFileType = sourcecode.cpp.cpp; path = Window.cpp; sourceTree = "<group>"; };
		D8570B8C1CF7E6EA005414BB /* Window.h */ = {isa = PBXFileReference; fileEncoding = 4; lastKnownFileType = sourcecode.c.h; path = Window.h; sourceTree = "<group>"; };
		D85B5F0F1CC201C100B02DAB /* Final */ = {isa = PBXFileReference; explicitFileType = "compiled.mach-o.executable"; includeInIndex = 0; path = Final; sourceTree = BUILT_PRODUCTS_DIR; };
		D85B5F2D1CC2031500B02DAB /* OpenGL.framework */ = {isa = PBXFileReference; lastKnownFileType = wrapper.framework; name = OpenGL.framework; path = System/Library/Frameworks/OpenGL.framework; sourceTree = SDKROOT; };
		D85B5F2F1CC2034100B02DAB /* libglfw.3.1.dylib */ = {isa = PBXFileReference; lastKnownFileType = "compiled.mach-o.dylib"; name = libglfw.3.1.dylib; path = "../../../../../../Developer/glfw-3.1.2/src/libglfw.3.1.dylib"; sourceTree = "<group>"; };
		D85B5F311CC203EF00B02DAB /* libGLEW.1.13.0.dylib */ = {isa = PBXFileReference; lastKnownFileType = "compiled.mach-o.dylib"; name = libGLEW.1.13.0.dylib; path = "../../../../../../Developer/glew-1.13.0/lib/libGLEW.1.13.0.dylib"; sourceTree = "<group>"; };
/* End PBXFileReference section */

/* Begin PBXFrameworksBuildPhase section */
		D85B5F0C1CC201C100B02DAB /* Frameworks */ = {
			isa = PBXFrameworksBuildPhase;
			buildActionMask = 2147483647;
			files = (
				D85B5F321CC203EF00B02DAB /* libGLEW.1.13.0.dylib in Frameworks */,
				D85B5F301CC2034100B02DAB /* libglfw.3.1.dylib in Frameworks */,
				D85B5F2E1CC2031500B02DAB /* OpenGL.framework in Frameworks */,
			);
			runOnlyForDeploymentPostprocessing = 0;
		};
/* End PBXFrameworksBuildPhase section */

/* Begin PBXGroup section */
		D85B5F061CC201C100B02DAB = {
			isa = PBXGroup;
			children = (
				D85B5F311CC203EF00B02DAB /* libGLEW.1.13.0.dylib */,
				D85B5F2F1CC2034100B02DAB /* libglfw.3.1.dylib */,
				D85B5F2D1CC2031500B02DAB /* OpenGL.framework */,
				D85B5F111CC201C100B02DAB /* Final */,
				D85B5F101CC201C100B02DAB /* Products */,
			);
			sourceTree = "<group>";
		};
		D85B5F101CC201C100B02DAB /* Products */ = {
			isa = PBXGroup;
			children = (
				D85B5F0F1CC201C100B02DAB /* Final */,
			);
			name = Products;
			sourceTree = "<group>";
		};
		D85B5F111CC201C100B02DAB /* Final */ = {
			isa = PBXGroup;
			children = (
				D8570B6D1CF7E6EA005414BB /* Cube.cpp */,
				D8570B6E1CF7E6EA005414BB /* Cube.h */,
				D8570B6F1CF7E6EA005414BB /* Cylinder.cpp */,
				D8570B771CF7E6EA005414BB /* Geode.cpp */,
				D8570B781CF7E6EA005414BB /* Geode.h */,
				D8570B791CF7E6EA005414BB /* GLFWStarterProject */,
				D8570B7A1CF7E6EA005414BB /* GLFWStarterProject.sln */,
				D8570B7B1CF7E6EA005414BB /* Group.cpp */,
				D8570B7C1CF7E6EA005414BB /* main.cpp */,
				D8570B7D1CF7E6EA005414BB /* main.h */,
				D8570B7E1CF7E6EA005414BB /* MatrixTransform.cpp */,
				D8570B7F1CF7E6EA005414BB /* Node.h */,
				D8570B801CF7E6EA005414BB /* OBJObject.cpp */,
				D8570B811CF7E6EA005414BB /* OBJObject.h */,
				D8570B821CF7E6EA005414BB /* Pod.cpp */,
				D8570B831CF7E6EA005414BB /* pod.obj */,
				D8570B841CF7E6EA005414BB /* shader.cpp */,
				D8570B851CF7E6EA005414BB /* shader.frag */,
				D8570B861CF7E6EA005414BB /* shader.h */,
				D8570B871CF7E6EA005414BB /* shader.vert */,
				D8570B881CF7E6EA005414BB /* skyShader.frag */,
				D8570B891CF7E6EA005414BB /* skyShader.vert */,
				D8570B8A1CF7E6EA005414BB /* texture.cpp */,
				D8570B8B1CF7E6EA005414BB /* Window.cpp */,
				D8570B8C1CF7E6EA005414BB /* Window.h */,
			);
			name = Final;
			path = "../../../../Users/Joe/Dropbox/2016 Spring/CSE 167/Final/Final";
			sourceTree = DEVELOPER_DIR;
		};
/* End PBXGroup section */

/* Begin PBXNativeTarget section */
		D85B5F0E1CC201C100B02DAB /* Final */ = {
			isa = PBXNativeTarget;
			buildConfigurationList = D85B5F161CC201C100B02DAB /* Build configuration list for PBXNativeTarget "Final" */;
			buildPhases = (
				D85B5F0B1CC201C100B02DAB /* Sources */,
				D85B5F0C1CC201C100B02DAB /* Frameworks */,
				D85B5F0D1CC201C100B02DAB /* CopyFiles */,
			);
			buildRules = (
			);
			dependencies = (
			);
			name = Final;
			productName = PA2;
			productReference = D85B5F0F1CC201C100B02DAB /* Final */;
			productType = "com.apple.product-type.tool";
		};
/* End PBXNativeTarget section */

/* Begin PBXProject section */
		D85B5F071CC201C100B02DAB /* Project object */ = {
			isa = PBXProject;
			attributes = {
				LastUpgradeCheck = 0730;
				ORGANIZATIONNAME = "Joe Lu Wu";
				TargetAttributes = {
					D85B5F0E1CC201C100B02DAB = {
						CreatedOnToolsVersion = 7.3;
					};
				};
			};
			buildConfigurationList = D85B5F0A1CC201C100B02DAB /* Build configuration list for PBXProject "Final" */;
			compatibilityVersion = "Xcode 3.2";
			developmentRegion = English;
			hasScannedForEncodings = 0;
			knownRegions = (
				en,
			);
			mainGroup = D85B5F061CC201C100B02DAB;
			productRefGroup = D85B5F101CC201C100B02DAB /* Products */;
			projectDirPath = "";
			projectRoot = "";
			targets = (
				D85B5F0E1CC201C100B02DAB /* Final */,
			);
		};
/* End PBXProject section */

/* Begin PBXSourcesBuildPhase section */
		D85B5F0B1CC201C100B02DAB /* Sources */ = {
			isa = PBXSourcesBuildPhase;
			buildActionMask = 2147483647;
			files = (
				D8570B971CF7E6EA005414BB /* Window.cpp in Sources */,
				D8570B931CF7E6EA005414BB /* OBJObject.cpp in Sources */,
				D8570B8D1CF7E6EA005414BB /* Cube.cpp in Sources */,
				D8570B8E1CF7E6EA005414BB /* Cylinder.cpp in Sources */,
				D8570B951CF7E6EA005414BB /* shader.cpp in Sources */,
				D8570B941CF7E6EA005414BB /* Pod.cpp in Sources */,
				D8570B8F1CF7E6EA005414BB /* Geode.cpp in Sources */,
				D8570B921CF7E6EA005414BB /* MatrixTransform.cpp in Sources */,
				D8570B911CF7E6EA005414BB /* main.cpp in Sources */,
				D8570B901CF7E6EA005414BB /* Group.cpp in Sources */,
				D8570B961CF7E6EA005414BB /* texture.cpp in Sources */,
			);
			runOnlyForDeploymentPostprocessing = 0;
		};
/* End PBXSourcesBuildPhase section */

/* Begin XCBuildConfiguration section */
		D85B5F141CC201C100B02DAB /* Debug */ = {
			isa = XCBuildConfiguration;
			buildSettings = {
				ALWAYS_SEARCH_USER_PATHS = NO;
				CLANG_ANALYZER_NONNULL = YES;
				CLANG_CXX_LANGUAGE_STANDARD = "gnu++0x";
				CLANG_CXX_LIBRARY = "libc++";
				CLANG_ENABLE_MODULES = YES;
				CLANG_ENABLE_OBJC_ARC = YES;
				CLANG_WARN_BOOL_CONVERSION = YES;
				CLANG_WARN_CONSTANT_CONVERSION = YES;
				CLANG_WARN_DIRECT_OBJC_ISA_USAGE = YES_ERROR;
				CLANG_WARN_EMPTY_BODY = YES;
				CLANG_WARN_ENUM_CONVERSION = YES;
				CLANG_WARN_INT_CONVERSION = YES;
				CLANG_WARN_OBJC_ROOT_CLASS = YES_ERROR;
				CLANG_WARN_UNREACHABLE_CODE = YES;
				CLANG_WARN__DUPLICATE_METHOD_MATCH = YES;
				CODE_SIGN_IDENTITY = "-";
				COPY_PHASE_STRIP = NO;
				DEBUG_INFORMATION_FORMAT = dwarf;
				ENABLE_STRICT_OBJC_MSGSEND = YES;
				ENABLE_TESTABILITY = YES;
				GCC_C_LANGUAGE_STANDARD = gnu99;
				GCC_DYNAMIC_NO_PIC = NO;
				GCC_NO_COMMON_BLOCKS = YES;
				GCC_OPTIMIZATION_LEVEL = 0;
				GCC_PREPROCESSOR_DEFINITIONS = (
					"DEBUG=1",
					"$(inherited)",
				);
				GCC_WARN_64_TO_32_BIT_CONVERSION = YES;
				GCC_WARN_ABOUT_RETURN_TYPE = YES_ERROR;
				GCC_WARN_UNDECLARED_SELECTOR = YES;
				GCC_WARN_UNINITIALIZED_AUTOS = YES_AGGRESSIVE;
				GCC_WARN_UNUSED_FUNCTION = YES;
				GCC_WARN_UNUSED_VARIABLE = YES;
				MACOSX_DEPLOYMENT_TARGET = 10.11;
				MTL_ENABLE_DEBUG_INFO = YES;
				ONLY_ACTIVE_ARCH = YES;
				SDKROOT = macosx;
			};
			name = Debug;
		};
		D85B5F151CC201C100B02DAB /* Release */ = {
			isa = XCBuildConfiguration;
			buildSettings = {
				ALWAYS_SEARCH_USER_PATHS = NO;
				CLANG_ANALYZER_NONNULL = YES;
				CLANG_CXX_LANGUAGE_STANDARD = "gnu++0x";
				CLANG_CXX_LIBRARY = "libc++";
				CLANG_ENABLE_MODULES = YES;
				CLANG_ENABLE_OBJC_ARC = YES;
				CLANG_WARN_BOOL_CONVERSION = YES;
				CLANG_WARN_CONSTANT_CONVERSION = YES;
				CLANG_WARN_DIRECT_OBJC_ISA_USAGE = YES_ERROR;
				CLANG_WARN_EMPTY_BODY = YES;
				CLANG_WARN_ENUM_CONVERSION = YES;
				CLANG_WARN_INT_CONVERSION = YES;
				CLANG_WARN_OBJC_ROOT_CLASS = YES_ERROR;
				CLANG_WARN_UNREACHABLE_CODE = YES;
				CLANG_WARN__DUPLICATE_METHOD_MATCH = YES;
				CODE_SIGN_IDENTITY = "-";
				COPY_PHASE_STRIP = NO;
				DEBUG_INFORMATION_FORMAT = "dwarf-with-dsym";
				ENABLE_NS_ASSERTIONS = NO;
				ENABLE_STRICT_OBJC_MSGSEND = YES;
				GCC_C_LANGUAGE_STANDARD = gnu99;
				GCC_NO_COMMON_BLOCKS = YES;
				GCC_WARN_64_TO_32_BIT_CONVERSION = YES;
				GCC_WARN_ABOUT_RETURN_TYPE = YES_ERROR;
				GCC_WARN_UNDECLARED_SELECTOR = YES;
				GCC_WARN_UNINITIALIZED_AUTOS = YES_AGGRESSIVE;
				GCC_WARN_UNUSED_FUNCTION = YES;
				GCC_WARN_UNUSED_VARIABLE = YES;
				MACOSX_DEPLOYMENT_TARGET = 10.11;
				MTL_ENABLE_DEBUG_INFO = NO;
				SDKROOT = macosx;
			};
			name = Release;
		};
		D85B5F171CC201C100B02DAB /* Debug */ = {
			isa = XCBuildConfiguration;
			buildSettings = {
				HEADER_SEARCH_PATHS = (
					"/Developer/glfw-3.1.2/include",
					/Applications/Xcode.app/Contents/Developer/Toolchains/XcodeDefault.xctoolchain/usr/include,
					"/Developer/glew-1.13.0/include",
					/Developer/glm,
					"$(inherited)",
					/usr/local/include,
				);
				LIBRARY_SEARCH_PATHS = (
					"$(inherited)",
					"/Developer/glfw-3.1.2/src",
					/usr/local/include,
					"/Developer/glew-1.13.0/lib",
				);
				PRODUCT_NAME = Final;
			};
			name = Debug;
		};
		D85B5F181CC201C100B02DAB /* Release */ = {
			isa = XCBuildConfiguration;
			buildSettings = {
				HEADER_SEARCH_PATHS = (
					"/Developer/glfw-3.1.2/include",
					/Applications/Xcode.app/Contents/Developer/Toolchains/XcodeDefault.xctoolchain/usr/include,
					"/Developer/glew-1.13.0/include",
					/Developer/glm,
					"$(inherited)",
					/usr/local/include,
				);
				LIBRARY_SEARCH_PATHS = (
					"$(inherited)",
					"/Developer/glfw-3.1.2/src",
					/usr/local/include,
					"/Developer/glew-1.13.0/lib",
				);
				PRODUCT_NAME = Final;
			};
			name = Release;
		};
/* End XCBuildConfiguration section */

/* Begin XCConfigurationList section */
		D85B5F0A1CC201C100B02DAB /* Build configuration list for PBXProject "Final" */ = {
			isa = XCConfigurationList;
			buildConfigurations = (
				D85B5F141CC201C100B02DAB /* Debug */,
				D85B5F151CC201C100B02DAB /* Release */,
			);
			defaultConfigurationIsVisible = 0;
			defaultConfigurationName = Release;
		};
		D85B5F161CC201C100B02DAB /* Build configuration list for PBXNativeTarget "Final" */ = {
			isa = XCConfigurationList;
			buildConfigurations = (
				D85B5F171CC201C100B02DAB /* Debug */,
				D85B5F181CC201C100B02DAB /* Release */,
			);
			defaultConfigurationIsVisible = 0;
			defaultConfigurationName = Release;
		};
/* End XCConfigurationList section */
	};
	rootObject = D85B5F071CC201C100B02DAB /* Project object */;
}
